
Microsoft Visual Studio Solution File, Format Version 12.00
# Visual Studio Version 17
VisualStudioVersion = 17.14.37710.0 d17.14
MinimumVisualStudioVersion = 10.0.40219.1
Project("{FAE04EC0-301F-11D3-BF4B-00C04F79EFBC}") = "first_exmple ca244", "first_exmple ca244\first_exmple ca244.csproj", "{27EC39C4-4084-4B9B-B901-9E5366905598}"
EndProject
Global
	GlobalSection(SolutionConfigurationPlatforms) = preSolution
		Debug|Any CPU = Debug|Any CPU
		Release|Any CPU = Release|Any CPU
	EndGlobalSection
	GlobalSection(ProjectConfigurationPlatforms) = postSolution
		{27EC39C4-4084-4B9B-B901-9E5366905598}.Debug|Any CPU.ActiveCfg = Debug|Any CPU
		{27EC39C4-4084-4B9B-B901-9E5366905598}.Debug|Any CPU.Build.0 = Debug|Any CPU
		{27EC39C4-4084-4B9B-B901-9E5366905598}.Release|Any CPU.ActiveCfg = Release|Any CPU
		{27EC39C4-4084-4B9B-B901-9E5366905598}.Release|Any CPU.Build.0 = Release|Any CPU
	EndGlobalSection
	GlobalSection(SolutionProperties) = preSolution
		HideSolutionNode = FALSE
	EndGlobalSection
	GlobalSection(ExtensibilityGlobals) = postSolution
		SolutionGuid = {74E03579-A6F5-48D9-A6F8-D66CAA61EDE8}
	EndGlobalSection
EndGlobal
